// !$*UTF8*$!
{
	archiveVersion = 1;
	classes = {
	};
	objectVersion = 55;
	objects = {

/* Begin PBXBuildFile section */
		CB50E69F27BEBAB800475BEE /* Extensions.swift in Sources */ = {isa = PBXBuildFile; fileRef = CB50E69E27BEBAB800475BEE /* Extensions.swift */; };
		CB50E6A127C0E9EB00475BEE /* examples.swift in Sources */ = {isa = PBXBuildFile; fileRef = CB50E6A027C0E9EB00475BEE /* examples.swift */; };
		CBF2035527BBA172008D5FDB /* AppDelegate.swift in Sources */ = {isa = PBXBuildFile; fileRef = CBF2035427BBA172008D5FDB /* AppDelegate.swift */; };
		CBF2035727BBA172008D5FDB /* SceneDelegate.swift in Sources */ = {isa = PBXBuildFile; fileRef = CBF2035627BBA172008D5FDB /* SceneDelegate.swift */; };
		CBF2035927BBA172008D5FDB /* ViewController.swift in Sources */ = {isa = PBXBuildFile; fileRef = CBF2035827BBA172008D5FDB /* ViewController.swift */; };
		CBF2035C27BBA172008D5FDB /* Main.storyboard in Resources */ = {isa = PBXBuildFile; fileRef = CBF2035A27BBA172008D5FDB /* Main.storyboard */; };
		CBF2035E27BBA174008D5FDB /* Assets.xcassets in Resources */ = {isa = PBXBuildFile; fileRef = CBF2035D27BBA174008D5FDB /* Assets.xcassets */; };
		CBF2036127BBA174008D5FDB /* LaunchScreen.storyboard in Resources */ = {isa = PBXBuildFile; fileRef = CBF2035F27BBA174008D5FDB /* LaunchScreen.storyboard */; };
		CBF2036B27BBA908008D5FDB /* ContentCollectionViewCell.swift in Sources */ = {isa = PBXBuildFile; fileRef = CBF2036927BBA908008D5FDB /* ContentCollectionViewCell.swift */; };
		CBF2036C27BBA908008D5FDB /* ContentCollectionViewCell.xib in Resources */ = {isa = PBXBuildFile; fileRef = CBF2036A27BBA908008D5FDB /* ContentCollectionViewCell.xib */; };
		CBF2036E27BBAC74008D5FDB /* DataService.swift in Sources */ = {isa = PBXBuildFile; fileRef = CBF2036D27BBAC74008D5FDB /* DataService.swift */; };
		CBF2037227BBAD35008D5FDB /* FileResponse.swift in Sources */ = {isa = PBXBuildFile; fileRef = CBF2037127BBAD35008D5FDB /* FileResponse.swift */; };
		CBFED08527BC0F8A0012F5A8 /* WebViewController.swift in Sources */ = {isa = PBXBuildFile; fileRef = CBFED08427BC0F8A0012F5A8 /* WebViewController.swift */; };
/* End PBXBuildFile section */

/* Begin PBXFileReference section */
		CB50E69E27BEBAB800475BEE /* Extensions.swift */ = {isa = PBXFileReference; lastKnownFileType = sourcecode.swift; path = Extensions.swift; sourceTree = "<group>"; };
		CB50E6A027C0E9EB00475BEE /* examples.swift */ = {isa = PBXFileReference; lastKnownFileType = sourcecode.swift; path = examples.swift; sourceTree = "<group>"; };
		CBF2035127BBA172008D5FDB /* StorageGallery.app */ = {isa = PBXFileReference; explicitFileType = wrapper.application; includeInIndex = 0; path = StorageGallery.app; sourceTree = BUILT_PRODUCTS_DIR; };
		CBF2035427BBA172008D5FDB /* AppDelegate.swift */ = {isa = PBXFileReference; lastKnownFileType = sourcecode.swift; path = AppDelegate.swift; sourceTree = "<group>"; };
		CBF2035627BBA172008D5FDB /* SceneDelegate.swift */ = {isa = PBXFileReference; lastKnownFileType = sourcecode.swift; path = SceneDelegate.swift; sourceTree = "<group>"; };
		CBF2035827BBA172008D5FDB /* ViewController.swift */ = {isa = PBXFileReference; lastKnownFileType = sourcecode.swift; path = ViewController.swift; sourceTree = "<group>"; };
		CBF2035B27BBA172008D5FDB /* Base */ = {isa = PBXFileReference; lastKnownFileType = file.storyboard; name = Base; path = Base.lproj/Main.storyboard; sourceTree = "<group>"; };
		CBF2035D27BBA174008D5FDB /* Assets.xcassets */ = {isa = PBXFileReference; lastKnownFileType = folder.assetcatalog; path = Assets.xcassets; sourceTree = "<group>"; };
		CBF2036027BBA174008D5FDB /* Base */ = {isa = PBXFileReference; lastKnownFileType = file.storyboard; name = Base; path = Base.lproj/LaunchScreen.storyboard; sourceTree = "<group>"; };
		CBF2036227BBA174008D5FDB /* Info.plist */ = {isa = PBXFileReference; lastKnownFileType = text.plist.xml; path = Info.plist; sourceTree = "<group>"; };
		CBF2036927BBA908008D5FDB /* ContentCollectionViewCell.swift */ = {isa = PBXFileReference; lastKnownFileType = sourcecode.swift; path = ContentCollectionViewCell.swift; sourceTree = "<group>"; };
		CBF2036A27BBA908008D5FDB /* ContentCollectionViewCell.xib */ = {isa = PBXFileReference; lastKnownFileType = file.xib; path = ContentCollectionViewCell.xib; sourceTree = "<group>"; };
		CBF2036D27BBAC74008D5FDB /* DataService.swift */ = {isa = PBXFileReference; lastKnownFileType = sourcecode.swift; path = DataService.swift; sourceTree = "<group>"; };
		CBF2037127BBAD35008D5FDB /* FileResponse.swift */ = {isa = PBXFileReference; lastKnownFileType = sourcecode.swift; path = FileResponse.swift; sourceTree = "<group>"; };
		CBFED08427BC0F8A0012F5A8 /* WebViewController.swift */ = {isa = PBXFileReference; lastKnownFileType = sourcecode.swift; path = WebViewController.swift; sourceTree = "<group>"; };
/* End PBXFileReference section */

/* Begin PBXFrameworksBuildPhase section */
		CBF2034E27BBA172008D5FDB /* Frameworks */ = {
			isa = PBXFrameworksBuildPhase;
			buildActionMask = 2147483647;
			files = (
			);
			runOnlyForDeploymentPostprocessing = 0;
		};
/* End PBXFrameworksBuildPhase section */

/* Begin PBXGroup section */
		CBF2034827BBA172008D5FDB = {
			isa = PBXGroup;
			children = (
				CBF2035327BBA172008D5FDB /* StorageGallery */,
				CBF2035227BBA172008D5FDB /* Products */,
			);
			sourceTree = "<group>";
		};
		CBF2035227BBA172008D5FDB /* Products */ = {
			isa = PBXGroup;
			children = (
				CBF2035127BBA172008D5FDB /* StorageGallery.app */,
			);
			name = Products;
			sourceTree = "<group>";
		};
		CBF2035327BBA172008D5FDB /* StorageGallery */ = {
			isa = PBXGroup;
			children = (
				CBF2037027BBACEF008D5FDB /* Models */,
				CBF2036F27BBAC7C008D5FDB /* Services */,
				CBF2036827BBA89F008D5FDB /* XIB */,
				CBF2035427BBA172008D5FDB /* AppDelegate.swift */,
				CBF2035627BBA172008D5FDB /* SceneDelegate.swift */,
				CBF2035827BBA172008D5FDB /* ViewController.swift */,
				CBFED08427BC0F8A0012F5A8 /* WebViewController.swift */,
				CBF2035A27BBA172008D5FDB /* Main.storyboard */,
				CBF2035D27BBA174008D5FDB /* Assets.xcassets */,
				CBF2035F27BBA174008D5FDB /* LaunchScreen.storyboard */,
				CBF2036227BBA174008D5FDB /* Info.plist */,
				CB50E69E27BEBAB800475BEE /* Extensions.swift */,
				CB50E6A027C0E9EB00475BEE /* examples.swift */,
			);
			path = StorageGallery;
			sourceTree = "<group>";
		};
		CBF2036827BBA89F008D5FDB /* XIB */ = {
			isa = PBXGroup;
			children = (
				CBF2036927BBA908008D5FDB /* ContentCollectionViewCell.swift */,
				CBF2036A27BBA908008D5FDB /* ContentCollectionViewCell.xib */,
			);
			path = XIB;
			sourceTree = "<group>";
		};
		CBF2036F27BBAC7C008D5FDB /* Services */ = {
			isa = PBXGroup;
			children = (
				CBF2036D27BBAC74008D5FDB /* DataService.swift */,
			);
			path = Services;
			sourceTree = "<group>";
		};
		CBF2037027BBACEF008D5FDB /* Models */ = {
			isa = PBXGroup;
			children = (
				CBF2037127BBAD35008D5FDB /* FileResponse.swift */,
			);
			path = Models;
			sourceTree = "<group>";
		};
/* End PBXGroup section */

/* Begin PBXNativeTarget section */
		CBF2035027BBA172008D5FDB /* StorageGallery */ = {
			isa = PBXNativeTarget;
			buildConfigurationList = CBF2036527BBA174008D5FDB /* Build configuration list for PBXNativeTarget "StorageGallery" */;
			buildPhases = (
				CBF2034D27BBA172008D5FDB /* Sources */,
				CBF2034E27BBA172008D5FDB /* Frameworks */,
				CBF2034F27BBA172008D5FDB /* Resources */,
			);
			buildRules = (
			);
			dependencies = (
			);
			name = StorageGallery;
			productName = StorageGallery;
			productReference = CBF2035127BBA172008D5FDB /* StorageGallery.app */;
			productType = "com.apple.product-type.application";
		};
/* End PBXNativeTarget section */

/* Begin PBXProject section */
		CBF2034927BBA172008D5FDB /* Project object */ = {
			isa = PBXProject;
			attributes = {
				BuildIndependentTargetsInParallel = 1;
				LastSwiftUpdateCheck = 1320;
				LastUpgradeCheck = 1320;
				TargetAttributes = {
					CBF2035027BBA172008D5FDB = {
						CreatedOnToolsVersion = 13.2.1;
					};
				};
			};
			buildConfigurationList = CBF2034C27BBA172008D5FDB /* Build configuration list for PBXProject "StorageGallery" */;
			compatibilityVersion = "Xcode 13.0";
			developmentRegion = en;
			hasScannedForEncodings = 0;
			knownRegions = (
				en,
				Base,
			);
			mainGroup = CBF2034827BBA172008D5FDB;
			productRefGroup = CBF2035227BBA172008D5FDB /* Products */;
			projectDirPath = "";
			projectRoot = "";
			targets = (
				CBF2035027BBA172008D5FDB /* StorageGallery */,
			);
		};
/* End PBXProject section */

/* Begin PBXResourcesBuildPhase section */
		CBF2034F27BBA172008D5FDB /* Resources */ = {
			isa = PBXResourcesBuildPhase;
			buildActionMask = 2147483647;
			files = (
				CBF2036C27BBA908008D5FDB /* ContentCollectionViewCell.xib in Resources */,
				CBF2036127BBA174008D5FDB /* LaunchScreen.storyboard in Resources */,
				CBF2035E27BBA174008D5FDB /* Assets.xcassets in Resources */,
				CBF2035C27BBA172008D5FDB /* Main.storyboard in Resources */,
			);
			runOnlyForDeploymentPostprocessing = 0;
		};
/* End PBXResourcesBuildPhase section */

/* Begin PBXSourcesBuildPhase section */
		CBF2034D27BBA172008D5FDB /* Sources */ = {
			isa = PBXSourcesBuildPhase;
			buildActionMask = 2147483647;
			files = (
				CBF2036B27BBA908008D5FDB /* ContentCollectionViewCell.swift in Sources */,
				CBF2037227BBAD35008D5FDB /* FileResponse.swift in Sources */,
				CBF2035927BBA172008D5FDB /* ViewController.swift in Sources */,
				CB50E69F27BEBAB800475BEE /* Extensions.swift in Sources */,
				CBF2035527BBA172008D5FDB /* AppDelegate.swift in Sources */,
				CBFED08527BC0F8A0012F5A8 /* WebViewController.swift in Sources */,
				CB50E6A127C0E9EB00475BEE /* examples.swift in Sources */,
				CBF2035727BBA172008D5FDB /* SceneDelegate.swift in Sources */,
				CBF2036E27BBAC74008D5FDB /* DataService.swift in Sources */,
			);
			runOnlyForDeploymentPostprocessing = 0;
		};
/* End PBXSourcesBuildPhase section */

/* Begin PBXVariantGroup section */
		CBF2035A27BBA172008D5FDB /* Main.storyboard */ = {
			isa = PBXVariantGroup;
			children = (
				CBF2035B27BBA172008D5FDB /* Base */,
			);
			name = Main.storyboard;
			sourceTree = "<group>";
		};
		CBF2035F27BBA174008D5FDB /* LaunchScreen.storyboard */ = {
			isa = PBXVariantGroup;
			children = (
				CBF2036027BBA174008D5FDB /* Base */,
			);
			name = LaunchScreen.storyboard;
			sourceTree = "<group>";
		};
/* End PBXVariantGroup section */

/* Begin XCBuildConfiguration section */
		CBF2036327BBA174008D5FDB /* Debug */ = {
			isa = XCBuildConfiguration;
			buildSettings = {
				ALWAYS_SEARCH_USER_PATHS = NO;
				CLANG_ANALYZER_NONNULL = YES;
				CLANG_ANALYZER_NUMBER_OBJECT_CONVERSION = YES_AGGRESSIVE;
				CLANG_CXX_LANGUAGE_STANDARD = "gnu++17";
				CLANG_CXX_LIBRARY = "libc++";
				CLANG_ENABLE_MODULES = YES;
				CLANG_ENABLE_OBJC_ARC = YES;
				CLANG_ENABLE_OBJC_WEAK = YES;
				CLANG_WARN_BLOCK_CAPTURE_AUTORELEASING = YES;
				CLANG_WARN_BOOL_CONVERSION = YES;
				CLANG_WARN_COMMA = YES;
				CLANG_WARN_CONSTANT_CONVERSION = YES;
				CLANG_WARN_DEPRECATED_OBJC_IMPLEMENTATIONS = YES;
				CLANG_WARN_DIRECT_OBJC_ISA_USAGE = YES_ERROR;
				CLANG_WARN_DOCUMENTATION_COMMENTS = YES;
				CLANG_WARN_EMPTY_BODY = YES;
				CLANG_WARN_ENUM_CONVERSION = YES;
				CLANG_WARN_INFINITE_RECURSION = YES;
				CLANG_WARN_INT_CONVERSION = YES;
				CLANG_WARN_NON_LITERAL_NULL_CONVERSION = YES;
				CLANG_WARN_OBJC_IMPLICIT_RETAIN_SELF = YES;
				CLANG_WARN_OBJC_LITERAL_CONVERSION = YES;
				CLANG_WARN_OBJC_ROOT_CLASS = YES_ERROR;
				CLANG_WARN_QUOTED_INCLUDE_IN_FRAMEWORK_HEADER = YES;
				CLANG_WARN_RANGE_LOOP_ANALYSIS = YES;
				CLANG_WARN_STRICT_PROTOTYPES = YES;
				CLANG_WARN_SUSPICIOUS_MOVE = YES;
				CLANG_WARN_UNGUARDED_AVAILABILITY = YES_AGGRESSIVE;
				CLANG_WARN_UNREACHABLE_CODE = YES;
				CLANG_WARN__DUPLICATE_METHOD_MATCH = YES;
				COPY_PHASE_STRIP = NO;
				DEBUG_INFORMATION_FORMAT = dwarf;
				ENABLE_STRICT_OBJC_MSGSEND = YES;
				ENABLE_TESTABILITY = YES;
				GCC_C_LANGUAGE_STANDARD = gnu11;
				GCC_DYNAMIC_NO_PIC = NO;
				GCC_NO_COMMON_BLOCKS = YES;
				GCC_OPTIMIZATION_LEVEL = 0;
				GCC_PREPROCESSOR_DEFINITIONS = (
					"DEBUG=1",
					"$(inherited)",
				);
				GCC_WARN_64_TO_32_BIT_CONVERSION = YES;
				GCC_WARN_ABOUT_RETURN_TYPE = YES_ERROR;
				GCC_WARN_UNDECLARED_SELECTOR = YES;
				GCC_WARN_UNINITIALIZED_AUTOS = YES_AGGRESSIVE;
				GCC_WARN_UNUSED_FUNCTION = YES;
				GCC_WARN_UNUSED_VARIABLE = YES;
				IPHONEOS_DEPLOYMENT_TARGET = 14.7;
				MTL_ENABLE_DEBUG_INFO = INCLUDE_SOURCE;
				MTL_FAST_MATH = YES;
				ONLY_ACTIVE_ARCH = YES;
				SDKROOT = iphoneos;
				SWIFT_ACTIVE_COMPILATION_CONDITIONS = DEBUG;
				SWIFT_OPTIMIZATION_LEVEL = "-Onone";
			};
			name = Debug;
		};
		CBF2036427BBA174008D5FDB /* Release */ = {
			isa = XCBuildConfiguration;
			buildSettings = {
				ALWAYS_SEARCH_USER_PATHS = NO;
				CLANG_ANALYZER_NONNULL = YES;
				CLANG_ANALYZER_NUMBER_OBJECT_CONVERSION = YES_AGGRESSIVE;
				CLANG_CXX_LANGUAGE_STANDARD = "gnu++17";
				CLANG_CXX_LIBRARY = "libc++";
				CLANG_ENABLE_MODULES = YES;
				CLANG_ENABLE_OBJC_ARC = YES;
				CLANG_ENABLE_OBJC_WEAK = YES;
				CLANG_WARN_BLOCK_CAPTURE_AUTORELEASING = YES;
				CLANG_WARN_BOOL_CONVERSION = YES;
				CLANG_WARN_COMMA = YES;
				CLANG_WARN_CONSTANT_CONVERSION = YES;
				CLANG_WARN_DEPRECATED_OBJC_IMPLEMENTATIONS = YES;
				CLANG_WARN_DIRECT_OBJC_ISA_USAGE = YES_ERROR;
				CLANG_WARN_DOCUMENTATION_COMMENTS = YES;
				CLANG_WARN_EMPTY_BODY = YES;
				CLANG_WARN_ENUM_CONVERSION = YES;
				CLANG_WARN_INFINITE_RECURSION = YES;
				CLANG_WARN_INT_CONVERSION = YES;
				CLANG_WARN_NON_LITERAL_NULL_CONVERSION = YES;
				CLANG_WARN_OBJC_IMPLICIT_RETAIN_SELF = YES;
				CLANG_WARN_OBJC_LITERAL_CONVERSION = YES;
				CLANG_WARN_OBJC_ROOT_CLASS = YES_ERROR;
				CLANG_WARN_QUOTED_INCLUDE_IN_FRAMEWORK_HEADER = YES;
				CLANG_WARN_RANGE_LOOP_ANALYSIS = YES;
				CLANG_WARN_STRICT_PROTOTYPES = YES;
				CLANG_WARN_SUSPICIOUS_MOVE = YES;
				CLANG_WARN_UNGUARDED_AVAILABILITY = YES_AGGRESSIVE;
				CLANG_WARN_UNREACHABLE_CODE = YES;
				CLANG_WARN__DUPLICATE_METHOD_MATCH = YES;
				COPY_PHASE_STRIP = NO;
				DEBUG_INFORMATION_FORMAT = "dwarf-with-dsym";
				ENABLE_NS_ASSERTIONS = NO;
				ENABLE_STRICT_OBJC_MSGSEND = YES;
				GCC_C_LANGUAGE_STANDARD = gnu11;
				GCC_NO_COMMON_BLOCKS = YES;
				GCC_WARN_64_TO_32_BIT_CONVERSION = YES;
				GCC_WARN_ABOUT_RETURN_TYPE = YES_ERROR;
				GCC_WARN_UNDECLARED_SELECTOR = YES;
				GCC_WARN_UNINITIALIZED_AUTOS = YES_AGGRESSIVE;
				GCC_WARN_UNUSED_FUNCTION = YES;
				GCC_WARN_UNUSED_VARIABLE = YES;
				IPHONEOS_DEPLOYMENT_TARGET = 14.7;
				MTL_ENABLE_DEBUG_INFO = NO;
				MTL_FAST_MATH = YES;
				SDKROOT = iphoneos;
				SWIFT_COMPILATION_MODE = wholemodule;
				SWIFT_OPTIMIZATION_LEVEL = "-O";
				VALIDATE_PRODUCT = YES;
			};
			name = Release;
		};
		CBF2036627BBA174008D5FDB /* Debug */ = {
			isa = XCBuildConfiguration;
			buildSettings = {
				ASSETCATALOG_COMPILER_APPICON_NAME = AppIcon;
				ASSETCATALOG_COMPILER_GLOBAL_ACCENT_COLOR_NAME = AccentColor;
				CODE_SIGN_STYLE = Automatic;
				CURRENT_PROJECT_VERSION = 1;
				DEVELOPMENT_TEAM = DRUSX4AY34;
				GENERATE_INFOPLIST_FILE = YES;
				INFOPLIST_FILE = StorageGallery/Info.plist;
				INFOPLIST_KEY_UIApplicationSupportsIndirectInputEvents = YES;
				INFOPLIST_KEY_UILaunchStoryboardName = LaunchScreen;
				INFOPLIST_KEY_UIMainStoryboardFile = Main;
				INFOPLIST_KEY_UISupportedInterfaceOrientations_iPad = "UIInterfaceOrientationPortrait UIInterfaceOrientationPortraitUpsideDown UIInterfaceOrientationLandscapeLeft UIInterfaceOrientationLandscapeRight";
				INFOPLIST_KEY_UISupportedInterfaceOrientations_iPhone = "UIInterfaceOrientationPortrait UIInterfaceOrientationLandscapeLeft UIInterfaceOrientationLandscapeRight";
				LD_RUNPATH_SEARCH_PATHS = (
					"$(inherited)",
					"@executable_path/Frameworks",
				);
				MARKETING_VERSION = 1.0;
				PRODUCT_BUNDLE_IDENTIFIER = "com.yd-04.StorageGallery";
				PRODUCT_NAME = "$(TARGET_NAME)";
				SWIFT_EMIT_LOC_STRINGS = YES;
				SWIFT_VERSION = 5.0;
				TARGETED_DEVICE_FAMILY = "1,2";
			};
			name = Debug;
		};
		CBF2036727BBA174008D5FDB /* Release */ = {
			isa = XCBuildConfiguration;
			buildSettings = {
				ASSETCATALOG_COMPILER_APPICON_NAME = AppIcon;
				ASSETCATALOG_COMPILER_GLOBAL_ACCENT_COLOR_NAME = AccentColor;
				CODE_SIGN_STYLE = Automatic;
				CURRENT_PROJECT_VERSION = 1;
				DEVELOPMENT_TEAM = DRUSX4AY34;
				GENERATE_INFOPLIST_FILE = YES;
				INFOPLIST_FILE = StorageGallery/Info.plist;
				INFOPLIST_KEY_UIApplicationSupportsIndirectInputEvents = YES;
				INFOPLIST_KEY_UILaunchStoryboardName = LaunchScreen;
				INFOPLIST_KEY_UIMainStoryboardFile = Main;
				INFOPLIST_KEY_UISupportedInterfaceOrientations_iPad = "UIInterfaceOrientationPortrait UIInterfaceOrientationPortraitUpsideDown UIInterfaceOrientationLandscapeLeft UIInterfaceOrientationLandscapeRight";
				INFOPLIST_KEY_UISupportedInterfaceOrientations_iPhone = "UIInterfaceOrientationPortrait UIInterfaceOrientationLandscapeLeft UIInterfaceOrientationLandscapeRight";
				LD_RUNPATH_SEARCH_PATHS = (
					"$(inherited)",
					"@executable_path/Frameworks",
				);
				MARKETING_VERSION = 1.0;
				PRODUCT_BUNDLE_IDENTIFIER = "com.yd-04.StorageGallery";
				PRODUCT_NAME = "$(TARGET_NAME)";
				SWIFT_EMIT_LOC_STRINGS = YES;
				SWIFT_VERSION = 5.0;
				TARGETED_DEVICE_FAMILY = "1,2";
			};
			name = Release;
		};
/* End XCBuildConfiguration section */

/* Begin XCConfigurationList section */
		CBF2034C27BBA172008D5FDB /* Build configuration list for PBXProject "StorageGallery" */ = {
			isa = XCConfigurationList;
			buildConfigurations = (
				CBF2036327BBA174008D5FDB /* Debug */,
				CBF2036427BBA174008D5FDB /* Release */,
			);
			defaultConfigurationIsVisible = 0;
			defaultConfigurationName = Release;
		};
		CBF2036527BBA174008D5FDB /* Build configuration list for PBXNativeTarget "StorageGallery" */ = {
			isa = XCConfigurationList;
			buildConfigurations = (
				CBF2036627BBA174008D5FDB /* Debug */,
				CBF2036727BBA174008D5FDB /* Release */,
			);
			defaultConfigurationIsVisible = 0;
			defaultConfigurationName = Release;
		};
/* End XCConfigurationList section */
	};
	rootObject = CBF2034927BBA172008D5FDB /* Project object */;
}
